
Microsoft Visual Studio Solution File, Format Version 12.00
# Visual Studio Version 16
VisualStudioVersion = 16.0.31005.135
MinimumVisualStudioVersion = 10.0.40219.1
Project("{FAE04EC0-301F-11D3-BF4B-00C04F79EFBC}") = "ConsoleApp1", "ConsoleApp1.csproj", "{81F5BA58-FBEF-48E8-AEFC-0B291090083F}"
EndProject
Global
	GlobalSection(SolutionConfigurationPlatforms) = preSolution
		Debug|Any CPU = Debug|Any CPU
		Release|Any CPU = Release|Any CPU
	EndGlobalSection
	GlobalSection(ProjectConfigurationPlatforms) = postSolution
		{81F5BA58-FBEF-48E8-AEFC-0B291090083F}.Debug|Any CPU.ActiveCfg = Debug|Any CPU
		{81F5BA58-FBEF-48E8-AEFC-0B291090083F}.Debug|Any CPU.Build.0 = Debug|Any CPU
		{81F5BA58-FBEF-48E8-AEFC-0B291090083F}.Release|Any CPU.ActiveCfg = Release|Any CPU
		{81F5BA58-FBEF-48E8-AEFC-0B291090083F}.Release|Any CPU.Build.0 = Release|Any CPU
	EndGlobalSection
	GlobalSection(SolutionProperties) = preSolution
		HideSolutionNode = FALSE
	EndGlobalSection
	GlobalSection(ExtensibilityGlobals) = postSolution
		SolutionGuid = {1ABF9F08-487B-4470-9584-C46CDFA694BA}
	EndGlobalSection
EndGlobal
